
Microsoft Visual Studio Solution File, Format Version 12.00
# Visual Studio 2012
Project("{FAE04EC0-301F-11D3-BF4B-00C04F79EFBC}") = "RhinoPong", "RhinoPong\RhinoPong.csproj", "{0D060392-A8C2-4097-A0B0-8EF4E199B3E1}"
EndProject
Global
	GlobalSection(SolutionConfigurationPlatforms) = preSolution
		Debug64|Any CPU = Debug64|Any CPU
		Release|Any CPU = Release|Any CPU
	EndGlobalSection
	GlobalSection(ProjectConfigurationPlatforms) = postSolution
		{0D060392-A8C2-4097-A0B0-8EF4E199B3E1}.Debug64|Any CPU.ActiveCfg = Debug64|Any CPU
		{0D060392-A8C2-4097-A0B0-8EF4E199B3E1}.Debug64|Any CPU.Build.0 = Debug64|Any CPU
		{0D060392-A8C2-4097-A0B0-8EF4E199B3E1}.Release|Any CPU.ActiveCfg = Release|Any CPU
		{0D060392-A8C2-4097-A0B0-8EF4E199B3E1}.Release|Any CPU.Build.0 = Release|Any CPU
	EndGlobalSection
	GlobalSection(SolutionProperties) = preSolution
		HideSolutionNode = FALSE
	EndGlobalSection
EndGlobal
